
Microsoft Visual Studio Solution File, Format Version 12.00
# Visual Studio Version 16
VisualStudioVersion = 16.0.30011.22
MinimumVisualStudioVersion = 10.0.40219.1
Project("{2150E333-8FDC-42A3-9474-1A3956D46DE8}") = "API", "API", "{85CB0F7D-F790-4D86-AD98-E01E33A25B85}"
EndProject
Project("{2150E333-8FDC-42A3-9474-1A3956D46DE8}") = "Infrastructure", "Infrastructure", "{E0DEEC81-6470-4109-A9C2-796C585CC90F}"
EndProject
Project("{2150E333-8FDC-42A3-9474-1A3956D46DE8}") = "Application", "Application", "{E1EB47C4-0354-48D4-8894-681816107A75}"
EndProject
Project("{2150E333-8FDC-42A3-9474-1A3956D46DE8}") = "Domain", "Domain", "{2BE69397-2DB2-48C5-B3BC-DB97B5F2E853}"
EndProject
Project("{2150E333-8FDC-42A3-9474-1A3956D46DE8}") = "Tests", "Tests", "{96ABC8F7-82B1-4116-86F8-0289B29E8091}"
EndProject
Project("{9A19103F-16F7-4668-BE54-9A1E7A4F7556}") = "achei.api.prestadorservico", "achei.api.prestadorservico\achei.api.prestadorservico.csproj", "{5CA7ADAD-499A-437D-86D0-56DAE605BB39}"
EndProject
Project("{9A19103F-16F7-4668-BE54-9A1E7A4F7556}") = "achei.comp.prestadorservico.application", "achei.comp.prestadorservico.application\achei.comp.prestadorservico.application.csproj", "{4F6C0BF8-B363-40CA-9FF6-3083DA88792F}"
EndProject
Project("{9A19103F-16F7-4668-BE54-9A1E7A4F7556}") = "achei.comp.prestadorservico.domain", "achei.comp.prestadorservico.domain\achei.comp.prestadorservico.domain.csproj", "{03E26E17-7BBF-4150-BB3C-63A0DF5D3BFC}"
EndProject
Project("{9A19103F-16F7-4668-BE54-9A1E7A4F7556}") = "achei.comp.prestadorservico.repository", "achei.comp.prestadorservico.repository\achei.comp.prestadorservico.repository.csproj", "{9BCDB57F-D683-4B20-926F-31DFB7212454}"
EndProject
Project("{9A19103F-16F7-4668-BE54-9A1E7A4F7556}") = "achei.comp.prestadorservico.repository.mapper", "achei.comp.prestadorservico.repository.mapper\achei.comp.prestadorservico.repository.mapper.csproj", "{29516405-D935-4FFD-9503-1CB3BDE2ACE7}"
EndProject
Global
	GlobalSection(SolutionConfigurationPlatforms) = preSolution
		Debug|Any CPU = Debug|Any CPU
		Release|Any CPU = Release|Any CPU
	EndGlobalSection
	GlobalSection(ProjectConfigurationPlatforms) = postSolution
		{5CA7ADAD-499A-437D-86D0-56DAE605BB39}.Debug|Any CPU.ActiveCfg = Debug|Any CPU
		{5CA7ADAD-499A-437D-86D0-56DAE605BB39}.Debug|Any CPU.Build.0 = Debug|Any CPU
		{5CA7ADAD-499A-437D-86D0-56DAE605BB39}.Release|Any CPU.ActiveCfg = Release|Any CPU
		{5CA7ADAD-499A-437D-86D0-56DAE605BB39}.Release|Any CPU.Build.0 = Release|Any CPU
		{4F6C0BF8-B363-40CA-9FF6-3083DA88792F}.Debug|Any CPU.ActiveCfg = Debug|Any CPU
		{4F6C0BF8-B363-40CA-9FF6-3083DA88792F}.Debug|Any CPU.Build.0 = Debug|Any CPU
		{4F6C0BF8-B363-40CA-9FF6-3083DA88792F}.Release|Any CPU.ActiveCfg = Release|Any CPU
		{4F6C0BF8-B363-40CA-9FF6-3083DA88792F}.Release|Any CPU.Build.0 = Release|Any CPU
		{03E26E17-7BBF-4150-BB3C-63A0DF5D3BFC}.Debug|Any CPU.ActiveCfg = Debug|Any CPU
		{03E26E17-7BBF-4150-BB3C-63A0DF5D3BFC}.Debug|Any CPU.Build.0 = Debug|Any CPU
		{03E26E17-7BBF-4150-BB3C-63A0DF5D3BFC}.Release|Any CPU.ActiveCfg = Release|Any CPU
		{03E26E17-7BBF-4150-BB3C-63A0DF5D3BFC}.Release|Any CPU.Build.0 = Release|Any CPU
		{9BCDB57F-D683-4B20-926F-31DFB7212454}.Debug|Any CPU.ActiveCfg = Debug|Any CPU
		{9BCDB57F-D683-4B20-926F-31DFB7212454}.Debug|Any CPU.Build.0 = Debug|Any CPU
		{9BCDB57F-D683-4B20-926F-31DFB7212454}.Release|Any CPU.ActiveCfg = Release|Any CPU
		{9BCDB57F-D683-4B20-926F-31DFB7212454}.Release|Any CPU.Build.0 = Release|Any CPU
		{29516405-D935-4FFD-9503-1CB3BDE2ACE7}.Debug|Any CPU.ActiveCfg = Debug|Any CPU
		{29516405-D935-4FFD-9503-1CB3BDE2ACE7}.Debug|Any CPU.Build.0 = Debug|Any CPU
		{29516405-D935-4FFD-9503-1CB3BDE2ACE7}.Release|Any CPU.ActiveCfg = Release|Any CPU
		{29516405-D935-4FFD-9503-1CB3BDE2ACE7}.Release|Any CPU.Build.0 = Release|Any CPU
	EndGlobalSection
	GlobalSection(SolutionProperties) = preSolution
		HideSolutionNode = FALSE
	EndGlobalSection
	GlobalSection(NestedProjects) = preSolution
		{5CA7ADAD-499A-437D-86D0-56DAE605BB39} = {85CB0F7D-F790-4D86-AD98-E01E33A25B85}
		{4F6C0BF8-B363-40CA-9FF6-3083DA88792F} = {E1EB47C4-0354-48D4-8894-681816107A75}
		{03E26E17-7BBF-4150-BB3C-63A0DF5D3BFC} = {2BE69397-2DB2-48C5-B3BC-DB97B5F2E853}
		{9BCDB57F-D683-4B20-926F-31DFB7212454} = {E0DEEC81-6470-4109-A9C2-796C585CC90F}
		{29516405-D935-4FFD-9503-1CB3BDE2ACE7} = {E0DEEC81-6470-4109-A9C2-796C585CC90F}
	EndGlobalSection
	GlobalSection(ExtensibilityGlobals) = postSolution
		SolutionGuid = {5DE16AA3-2AA2-4A32-8B48-D33487854594}
	EndGlobalSection
EndGlobal
